
Microsoft Visual Studio Solution File, Format Version 12.00
# Visual Studio 15
VisualStudioVersion = 15.0.28307.779
MinimumVisualStudioVersion = 10.0.40219.1
Project("{8BC9CEB8-8B4A-11D0-8D11-00A0C91BC942}") = "RTMPStreaming", "RTMPStreaming.vcxproj", "{629CE8BA-712C-41CE-92D2-3AD1FD0055E1}"
EndProject
Global
	GlobalSection(SolutionConfigurationPlatforms) = preSolution
		Debug|x64 = Debug|x64
		Debug|x86 = Debug|x86
		Release|x64 = Release|x64
		Release|x86 = Release|x86
	EndGlobalSection
	GlobalSection(ProjectConfigurationPlatforms) = postSolution
		{629CE8BA-712C-41CE-92D2-3AD1FD0055E1}.Debug|x64.ActiveCfg = Debug|x64
		{629CE8BA-712C-41CE-92D2-3AD1FD0055E1}.Debug|x64.Build.0 = Debug|x64
		{629CE8BA-712C-41CE-92D2-3AD1FD0055E1}.Debug|x86.ActiveCfg = Debug|Win32
		{629CE8BA-712C-41CE-92D2-3AD1FD0055E1}.Debug|x86.Build.0 = Debug|Win32
		{629CE8BA-712C-41CE-92D2-3AD1FD0055E1}.Release|x64.ActiveCfg = Release|x64
		{629CE8BA-712C-41CE-92D2-3AD1FD0055E1}.Release|x64.Build.0 = Release|x64
		{629CE8BA-712C-41CE-92D2-3AD1FD0055E1}.Release|x86.ActiveCfg = Release|Win32
		{629CE8BA-712C-41CE-92D2-3AD1FD0055E1}.Release|x86.Build.0 = Release|Win32
	EndGlobalSection
	GlobalSection(SolutionProperties) = preSolution
		HideSolutionNode = FALSE
	EndGlobalSection
	GlobalSection(ExtensibilityGlobals) = postSolution
		SolutionGuid = {2BDAE3CD-B152-49F6-8D47-85FE38874F5A}
	EndGlobalSection
EndGlobal
